
Microsoft Visual Studio Solution File, Format Version 12.00
# Visual Studio Version 17
VisualStudioVersion = 17.13.35913.81 d17.13
MinimumVisualStudioVersion = 10.0.40219.1
Project("{FAE04EC0-301F-11D3-BF4B-00C04F79EFBC}") = "TradingBotConfigurator", "TradingBotConfigurator.csproj", "{2480BFBB-3DB3-4A8E-8931-5BFC6801F7F5}"
EndProject
Global
	GlobalSection(SolutionConfigurationPlatforms) = preSolution
		Debug|Any CPU = Debug|Any CPU
		Release|Any CPU = Release|Any CPU
	EndGlobalSection
	GlobalSection(ProjectConfigurationPlatforms) = postSolution
		{2480BFBB-3DB3-4A8E-8931-5BFC6801F7F5}.Debug|Any CPU.ActiveCfg = Debug|Any CPU
		{2480BFBB-3DB3-4A8E-8931-5BFC6801F7F5}.Debug|Any CPU.Build.0 = Debug|Any CPU
		{2480BFBB-3DB3-4A8E-8931-5BFC6801F7F5}.Release|Any CPU.ActiveCfg = Release|Any CPU
		{2480BFBB-3DB3-4A8E-8931-5BFC6801F7F5}.Release|Any CPU.Build.0 = Release|Any CPU
	EndGlobalSection
	GlobalSection(SolutionProperties) = preSolution
		HideSolutionNode = FALSE
	EndGlobalSection
	GlobalSection(ExtensibilityGlobals) = postSolution
		SolutionGuid = {76AD44E2-B798-4DDB-8BB8-1445A8648354}
	EndGlobalSection
EndGlobal
